
Microsoft Visual Studio Solution File, Format Version 12.00
# Visual Studio Version 17
VisualStudioVersion = 17.0.31903.59
MinimumVisualStudioVersion = 10.0.40219.1
Project("{FAE04EC0-301F-11D3-BF4B-00C04F79EFBC}") = "EpiManagement.Api", "EpiManagement.Api\EpiManagement.Api.csproj", "{11D8FA50-1D29-4FD5-AA43-4DB2039BC441}"
EndProject
Project("{FAE04EC0-301F-11D3-BF4B-00C04F79EFBC}") = "EpiManagement.Web", "EpiManagement.Web\EpiManagement.Web.csproj", "{886020D1-B3ED-4E06-A5D5-096522C00585}"
EndProject
Global
	GlobalSection(SolutionConfigurationPlatforms) = preSolution
		Debug|Any CPU = Debug|Any CPU
		Release|Any CPU = Release|Any CPU
	EndGlobalSection
	GlobalSection(SolutionProperties) = preSolution
		HideSolutionNode = FALSE
	EndGlobalSection
	GlobalSection(ProjectConfigurationPlatforms) = postSolution
		{11D8FA50-1D29-4FD5-AA43-4DB2039BC441}.Debug|Any CPU.ActiveCfg = Debug|Any CPU
		{11D8FA50-1D29-4FD5-AA43-4DB2039BC441}.Debug|Any CPU.Build.0 = Debug|Any CPU
		{11D8FA50-1D29-4FD5-AA43-4DB2039BC441}.Release|Any CPU.ActiveCfg = Release|Any CPU
		{11D8FA50-1D29-4FD5-AA43-4DB2039BC441}.Release|Any CPU.Build.0 = Release|Any CPU
		{886020D1-B3ED-4E06-A5D5-096522C00585}.Debug|Any CPU.ActiveCfg = Debug|Any CPU
		{886020D1-B3ED-4E06-A5D5-096522C00585}.Debug|Any CPU.Build.0 = Debug|Any CPU
		{886020D1-B3ED-4E06-A5D5-096522C00585}.Release|Any CPU.ActiveCfg = Release|Any CPU
		{886020D1-B3ED-4E06-A5D5-096522C00585}.Release|Any CPU.Build.0 = Release|Any CPU
	EndGlobalSection
EndGlobal
